
Microsoft Visual Studio Solution File, Format Version 12.00
# Visual Studio 2012
Project("{FAE04EC0-301F-11D3-BF4B-00C04F79EFBC}") = "backend", "backend\backend.csproj", "{233A3CFF-7B1A-4379-BBAD-3127BFEEE9A2}"
EndProject
Global
	GlobalSection(SolutionConfigurationPlatforms) = preSolution
		Debug|Any CPU = Debug|Any CPU
		Release|Any CPU = Release|Any CPU
	EndGlobalSection
	GlobalSection(ProjectConfigurationPlatforms) = postSolution
		{233A3CFF-7B1A-4379-BBAD-3127BFEEE9A2}.Debug|Any CPU.ActiveCfg = Debug|Any CPU
		{233A3CFF-7B1A-4379-BBAD-3127BFEEE9A2}.Debug|Any CPU.Build.0 = Debug|Any CPU
		{233A3CFF-7B1A-4379-BBAD-3127BFEEE9A2}.Release|Any CPU.ActiveCfg = Release|Any CPU
		{233A3CFF-7B1A-4379-BBAD-3127BFEEE9A2}.Release|Any CPU.Build.0 = Release|Any CPU
	EndGlobalSection
EndGlobal
